20260928080538_schema_v1.sql 258ae1ad1c0ef3602a31a3367da8695cd0b0e88210717bf9aac736fe69f686fb
20260928140000_phase1_slice.sql 57bf208c087ab6fbf0625f207c082237ee1abbec321155a575ebf1d33d04f8b1
20260928180000_reopen_review.sql 8051c2fa7599c1d5968376658facb93384f0335a02e1763d0c164c82b17d63a0
20260928190000_review_card.sql 699f2a74ac347dd8ebe791aab1aa0b470671c87b9c2b927d1c9d0a6ef693954f
20260928210000_owner_ledger.sql 6996ca1c04b60cea25f6342ee493312426ad80f3ac29234149ab9e616a9318bc
20260928220000_allocation_share_lock.sql 25e988395edb30fe9fa18f231a16314b39bc099087fccad8bdb1f18516efff67
20260928230000_review_round4.sql 42690d860440fc2878e8ca6f5dfcfda8351dda49340d5b901e5e21aa8f0097e4
20260929010000_review_round5.sql 18cabdcf95d83ca1f211c6a12c6fd22dbd0e6277fdaffc8a2fdfbb04bf5bd05c
20260929120000_review_round7.sql c2bde8a433a90c03451cae43a7e66125e680367f8540e69c0fc3933c46ac4b37
20260929130000_review_round8.sql 5fd9669709622d8c9f5a3ba7e1b7280cced0d875762e3d653bd818ad3de82575
20260929140000_sumit_status_next_attempt_grant.sql f0641acbb3bd6d3553532e050e3d16b226a9502f3af47b7c4899e8cdb96e694c
20260929150000_review_0068.sql 06cc29852a22715cd9ce0c5b4f7acd0a23c7f00f845114759ae8ae8882af8a6d
20260929160000_review_0068_addendum.sql 9b390987657384e54093e2621fec106313fdbc4e885034ca1d05039ea01988df
20260929170000_review_0068_column.sql 8da9fcd010a51df1bca9eda711a8738eaf8f22c31cddfe5ab5d3fb7ac148673b
20260929180000_reassign_undo_rls.sql 5046ca67e769ff09bdade774505d5b06b47558bdf205718086cf830e5e6cd622
20260929190000_review_0069.sql 0033a546a6af95f52efa27e0aa95a0f28a7ea51e072c8d55fc2402a4bbabf8b8
20260929200000_filed_today.sql 364a17477d163375e47d65f0680f3f276306c47aa2bff86a11c34a1203fce633
20260929210000_revoke_undo_select.sql 349ccc928268dc1070cfcff635e777668473622839e599d7952c6f0782557f15
20260929220000_project_categories_confirmed.sql c558b9ca9f22067fb449ef5094cc6782b480c9dcbe4a543bf168ae60d7a5069e
20260929230000_project_pending_approval.sql a45a98bfe1857f3913f3793ea298c242aa9b9047c630a991925a8dd0b424488a
20260929240000_restore_suggested_category.sql b254039001f40e7be5c7982ae341e5fff31efbe39aab0a0d72e4e04195a9fed2
20260929250000_category_drilldown.sql 22232fdda655f3e07da9c6ab58db930b7d0071ce1300487d4dc19de2feb45f73
20260929260000_rule_not_a_guess.sql 58e410ffe10bc238bb3dd89cc6882781d0eae29faa6e9ba44b162ba3bd4678f8
20260929270000_shared_share_flag.sql af2cf0721c30871f59cf665ce055c1dd91ea65b31690bf487fcfa7dd06c7e178
20260929280000_collapse_split.sql faef30068525de7528997869478cb4cc4179bc08e82ef070e28a0c9cfcb71b10
20260929290000_review_split.sql ff756cc6f58bd73c1e0d0709c06b6986e6ea91dee617f0a931ca6ffb476cd4d2
20260930010000_review_category_suggested.sql ce817de78cdb4d216891374c773adeaff2bc66ffd2414def2534fe98020aad72
20260930020000_approve_split_review.sql 5213690e21531f2eee269603410e906ec7d32a1655de26539c36afc8381ff63d
20260930030000_review_project_suggested.sql 8c348afb006acb42491b32eb55c50014065610b724d546e8d448271806383e8c
20260930140000_mcp_cycle1.sql 744bf6febba8461c7fcca427ebd73313884c72f58a9d9c9d17b8056871fea484
20260930160000_mcp_search.sql e3c668045cf11e984d3b0cbdac98d4cf2694ad1f8be98a7ed3911208bfafb8fa
20261002120000_review_field_save.sql f8612a7f6ac262891202fe26ff7cf7a483126d3d4c2005b0900db0ab621e295c
20261003115300_jev_connector.sql 61fd6fa081251aede5aed8b3c634a727968f3a5c008f01e5f34faeba98880576
20261003120000_mcp_cycle3a.sql d9ac0ef76fe4606dec8ec6fb61987df7a73703e2514a14595fdbfa078abb6895
20261003140000_sumit_daily_schedule.sql 1f7be011cfda4778b99801769010d56544908b6f8fcc45c56dd2c0ec20252324
20261003160000_sumit_drain_url.sql c5f3a470ea6a67247a8c642fb9749b6e48e7bc297365f46e72a2e3ec29282078
20261003180000_mcp_cycle3b.sql cd15ebcddb047b883587d2d1d4a6d9b8b278b1c66c8a9e8045c1345d723e8617
20261003200000_connector_l1a_filed_today.sql 8eb03fab01d203102fd3c82929a86f998cd135cc14a3e41ab4882540f91ed005
20261003210000_connector_engine.sql 8045023a3827aa9968f82487d5143e3d1f3f57a4358b539a9cc4c576c83d63c9
20261003220000_connector_upsert.sql 942aea682640cdf127d8e60136d756379e17ebcd963e25a006e0d3df53050dc7
20261003230000_connector_posted_totals.sql eaac4d3712174d741dd25d0fd6a15a4c93fe395a64266d0d6a8739b9cf065d2e
20261003235959_connector_l1a_review.sql c81e8114d201dc3cd20db7bd21c079f8c5acaa1947797a839749229d4bd18073
20261004010000_company_viewers.sql 2e1998ae8bcd922ce8453e083f8163243a558f3ee7461218d40a6153c27ce1b7
20261004020000_companies_no_direct_insert.sql 0d6becf3759a2aafb05f269066ea42cb2f7fc484856a8e1e5b07eb685aa3c2be
20261004055306_loans_l1.sql ba971bbceb2bf1b5a0d03c1bffdf00fc6e27ba5497f3a1316287a57dd61e13ae
20261004060000_connector_provider_category.sql a4d5a63bd517d679b250c60ef5566585f146971ad817b1370bbfe2e0ebb31fd0
20261004120000_mercury_txn_source.sql 11d2c827c93e86a5e213542ec6e09c33fcea81faff686c815b808190a67c5264
20261004120100_mercury_ledger_source.sql 0e8087c03d7d284024e2968d7cae688d215ad3582e2cea66fe33a5f6195e9050
20261004130000_mercury_ils_totals.sql 073c29301edbe60dda64b63d74713c9398ac2b45cd456942744b79881ccbb572
20261006120000_mcp_cycle4.sql 6a7f01c3b16b701233132b6ed8475efb83801f88b27774c93702db0c17347542
20261006200000_mcp_loans.sql ea15022e166409366fbd4b0dd85cafb35f6090aee9c2223af3fc60a7f1d8ed78
20261006210000_income_review.sql fae5277469ddad1bef8387a759ad711eb6508aa85fcc07d903285196a2b9ab60
20261006211000_connector_syncing.sql daf708990161794258c01bee3b8f336d3d2c89ba3e70d557158606b87b6d2914
20261006220000_mcp_batch.sql af91ac99df9788e6d58d2157f216d0e8f1a433d06053bb7189cdea78cedeabc1
20261006230000_usd_totals.sql 73e9b1b85c9f5253fe63e7f3348fabf8bea92a94bd9c30b45091cafa287ead4e
20261007000000_project_currency.sql 2705ad423511c7cb01384aa91d8febf67a0c855e635c4d41a4f049128ac0071a
20261007010000_mercury_income_doc_kind.sql 0a2b29eb68886bfa6f3c64328de258e4d46fe7eba66f669af403f176f81d8f89
20261007120000_category_pnl.sql 981210743d58522fedf240992751fcb76cb59cb6ac38a7eceb42f2177f29487a
20261007130000_mcp_assign_expense_split.sql e0c151db2a9514887fbbba282dabb29a4beefebd7b3fe0600cddd64cf8c9dd6d
