20260928080538_schema_v1.sql 258ae1ad1c0ef3602a31a3367da8695cd0b0e88210717bf9aac736fe69f686fb
20260928140000_phase1_slice.sql 57bf208c087ab6fbf0625f207c082237ee1abbec321155a575ebf1d33d04f8b1
20260928180000_reopen_review.sql 8051c2fa7599c1d5968376658facb93384f0335a02e1763d0c164c82b17d63a0
20260928190000_review_card.sql 699f2a74ac347dd8ebe791aab1aa0b470671c87b9c2b927d1c9d0a6ef693954f
20260928210000_owner_ledger.sql 6996ca1c04b60cea25f6342ee493312426ad80f3ac29234149ab9e616a9318bc
20260928220000_allocation_share_lock.sql 25e988395edb30fe9fa18f231a16314b39bc099087fccad8bdb1f18516efff67
20260928230000_review_round4.sql 42690d860440fc2878e8ca6f5dfcfda8351dda49340d5b901e5e21aa8f0097e4
20260929010000_review_round5.sql 18cabdcf95d83ca1f211c6a12c6fd22dbd0e6277fdaffc8a2fdfbb04bf5bd05c
20260929120000_review_round7.sql c2bde8a433a90c03451cae43a7e66125e680367f8540e69c0fc3933c46ac4b37
20260929130000_review_round8.sql 5fd9669709622d8c9f5a3ba7e1b7280cced0d875762e3d653bd818ad3de82575
20260929140000_sumit_status_next_attempt_grant.sql f0641acbb3bd6d3553532e050e3d16b226a9502f3af47b7c4899e8cdb96e694c
20260929150000_review_0068.sql 06cc29852a22715cd9ce0c5b4f7acd0a23c7f00f845114759ae8ae8882af8a6d
20260929160000_review_0068_addendum.sql 9b390987657384e54093e2621fec106313fdbc4e885034ca1d05039ea01988df
20260929170000_review_0068_column.sql 8da9fcd010a51df1bca9eda711a8738eaf8f22c31cddfe5ab5d3fb7ac148673b
20260929180000_reassign_undo_rls.sql 5046ca67e769ff09bdade774505d5b06b47558bdf205718086cf830e5e6cd622
20260929190000_review_0069.sql 0033a546a6af95f52efa27e0aa95a0f28a7ea51e072c8d55fc2402a4bbabf8b8
20260929200000_filed_today.sql 364a17477d163375e47d65f0680f3f276306c47aa2bff86a11c34a1203fce633
20260929210000_revoke_undo_select.sql 349ccc928268dc1070cfcff635e777668473622839e599d7952c6f0782557f15
20260929220000_project_categories_confirmed.sql c558b9ca9f22067fb449ef5094cc6782b480c9dcbe4a543bf168ae60d7a5069e
20260929230000_project_pending_approval.sql a45a98bfe1857f3913f3793ea298c242aa9b9047c630a991925a8dd0b424488a
20260929240000_restore_suggested_category.sql b254039001f40e7be5c7982ae341e5fff31efbe39aab0a0d72e4e04195a9fed2
20260929250000_category_drilldown.sql 22232fdda655f3e07da9c6ab58db930b7d0071ce1300487d4dc19de2feb45f73
20260929260000_rule_not_a_guess.sql 58e410ffe10bc238bb3dd89cc6882781d0eae29faa6e9ba44b162ba3bd4678f8
20260929270000_shared_share_flag.sql af2cf0721c30871f59cf665ce055c1dd91ea65b31690bf487fcfa7dd06c7e178
20260929280000_collapse_split.sql faef30068525de7528997869478cb4cc4179bc08e82ef070e28a0c9cfcb71b10
20260929290000_review_split.sql ff756cc6f58bd73c1e0d0709c06b6986e6ea91dee617f0a931ca6ffb476cd4d2
20260930010000_review_category_suggested.sql ce817de78cdb4d216891374c773adeaff2bc66ffd2414def2534fe98020aad72
20260930020000_approve_split_review.sql 5213690e21531f2eee269603410e906ec7d32a1655de26539c36afc8381ff63d
20260930030000_review_project_suggested.sql 8c348afb006acb42491b32eb55c50014065610b724d546e8d448271806383e8c
20260930140000_mcp_cycle1.sql 744bf6febba8461c7fcca427ebd73313884c72f58a9d9c9d17b8056871fea484
20260930160000_mcp_search.sql e3c668045cf11e984d3b0cbdac98d4cf2694ad1f8be98a7ed3911208bfafb8fa
20261002120000_review_field_save.sql f8612a7f6ac262891202fe26ff7cf7a483126d3d4c2005b0900db0ab621e295c
20261003115300_jev_connector.sql 61fd6fa081251aede5aed8b3c634a727968f3a5c008f01e5f34faeba98880576
20261003120000_mcp_cycle3a.sql d9ac0ef76fe4606dec8ec6fb61987df7a73703e2514a14595fdbfa078abb6895
20261003140000_sumit_daily_schedule.sql 1f7be011cfda4778b99801769010d56544908b6f8fcc45c56dd2c0ec20252324
20261003160000_sumit_drain_url.sql c5f3a470ea6a67247a8c642fb9749b6e48e7bc297365f46e72a2e3ec29282078
20261003180000_mcp_cycle3b.sql cd15ebcddb047b883587d2d1d4a6d9b8b278b1c66c8a9e8045c1345d723e8617
20261003200000_connector_l1a_filed_today.sql 8eb03fab01d203102fd3c82929a86f998cd135cc14a3e41ab4882540f91ed005
20261003210000_connector_engine.sql 8045023a3827aa9968f82487d5143e3d1f3f57a4358b539a9cc4c576c83d63c9
20261003220000_connector_upsert.sql 942aea682640cdf127d8e60136d756379e17ebcd963e25a006e0d3df53050dc7
20261003230000_connector_posted_totals.sql eaac4d3712174d741dd25d0fd6a15a4c93fe395a64266d0d6a8739b9cf065d2e
20261003235959_connector_l1a_review.sql c81e8114d201dc3cd20db7bd21c079f8c5acaa1947797a839749229d4bd18073
20261004010000_company_viewers.sql 2e1998ae8bcd922ce8453e083f8163243a558f3ee7461218d40a6153c27ce1b7
20261004020000_companies_no_direct_insert.sql 0d6becf3759a2aafb05f269066ea42cb2f7fc484856a8e1e5b07eb685aa3c2be
20261004055306_loans_l1.sql ba971bbceb2bf1b5a0d03c1bffdf00fc6e27ba5497f3a1316287a57dd61e13ae
20261004060000_connector_provider_category.sql a4d5a63bd517d679b250c60ef5566585f146971ad817b1370bbfe2e0ebb31fd0
20261004120000_mercury_txn_source.sql 11d2c827c93e86a5e213542ec6e09c33fcea81faff686c815b808190a67c5264
20261004120100_mercury_ledger_source.sql 0e8087c03d7d284024e2968d7cae688d215ad3582e2cea66fe33a5f6195e9050
20261004130000_mercury_ils_totals.sql 073c29301edbe60dda64b63d74713c9398ac2b45cd456942744b79881ccbb572
20261006120000_mcp_cycle4.sql 6a7f01c3b16b701233132b6ed8475efb83801f88b27774c93702db0c17347542
20261006200000_mcp_loans.sql ea15022e166409366fbd4b0dd85cafb35f6090aee9c2223af3fc60a7f1d8ed78
20261006210000_income_review.sql fae5277469ddad1bef8387a759ad711eb6508aa85fcc07d903285196a2b9ab60
20261006211000_connector_syncing.sql daf708990161794258c01bee3b8f336d3d2c89ba3e70d557158606b87b6d2914
20261006220000_mcp_batch.sql af91ac99df9788e6d58d2157f216d0e8f1a433d06053bb7189cdea78cedeabc1
20261006230000_usd_totals.sql 73e9b1b85c9f5253fe63e7f3348fabf8bea92a94bd9c30b45091cafa287ead4e
20261007000000_project_currency.sql 2705ad423511c7cb01384aa91d8febf67a0c855e635c4d41a4f049128ac0071a
20261007010000_mercury_income_doc_kind.sql 0a2b29eb68886bfa6f3c64328de258e4d46fe7eba66f669af403f176f81d8f89
20261007120000_category_pnl.sql 981210743d58522fedf240992751fcb76cb59cb6ac38a7eceb42f2177f29487a
20261007130000_mcp_assign_expense_split.sql 56fa5df0aa5bd2c48ce945bd3349480afeb61bf6824c62b669cc4b5e637112b7
20261007140000_loan_split_pnl.sql c6a34b2b5a03d73d3355fcd22dd310e4bfe4f4c83d6ae222d081dac7d09f5091
20261007154500_mcp_batch_split.sql 08d614b055630e30960ff6a4701b9b7f2369bfd56348462bd63afe8b0c851618
20261007161020_unassigned_overhead_project.sql 268cc07e1f321f081e367874d949c0d93d3f55aa8de9510d31f2f357638ef9d5
20261007162020_mcp_sync_bank_jobs.sql 4bf2fd2048eaadd33f8da5419704b5513d06e279234dca6a4fce8a109c89b500
20261007171500_rename_company.sql 7067a8beaab74b242c9c17b9d0986b5f6193d16769df47df28c68dc28d38bd63
20261007180040_reversals.sql 73c34ff04f731900d5d77b20c77b6bbe78671fc6775472252fba0f7e20fb58c9
20261007184000_mcp_split_followups.sql 6fb75ad12857c9b876e40c9a2bde32583e9155ce15c87dd53dcb7c785d08f1f0
20261007190000_line_splits.sql ce5684632d78d7e7eb6dfe8207f4dfab79838d52a9ad43e365b196ae75495c66
20261007193000_loan_project.sql 3703a04ad28b7cd0959cf436c4e31857c85ce8ff667348a4adc0b852bd0f5046
20261007195030_get_project_sort.sql 54c9bf9c473bc5dbafa37868354fe02987f210d4165a10432d507c60bc2122fa
20261007200000_loan_split_read.sql ab82bba5b890ae0292b129555a904113648282c8e283d8f1b57f8b64c27b71b6
20261007201000_kept_out_followups.sql 2ac859c9f276a4e0caf30cb5848a866fcf1e2fe9d29b295e4db33b03441338e1
20261007201111_loan_payment_checks.sql df736f440ebea8ef50c371321f6d1209fbbb5bf5662881bf770d785d3d99423e
20261007203000_flow_breakdown.sql 8ab6d41b73e61992c8d2b049ab47dd6c6f7eb266084bd10ef1bdb75f111bb590
20261007210000_line_pnl_override.sql 5e0c2e5d3e72e5be0be8eb2db61c3230037c98ac9d880bac04954820348a0634
20261007214000_line_meta.sql af932e38b42941938a9290ce54ba20d1cf41f5ba6062e3c91afb41e623de3079
20261007222000_loan_hint_by_key.sql 6d3a49fee6023ed780c91e9447a93747c1f3b0a769711eb80afe52fdecd9a9ec
20261007223000_kept_out_guesses.sql ad6647415aadccc0f98cf54e1d9d05d87c6dee9aa4327af99ec5345725e12f7a
20261007224500_kept_out_income_review.sql 1b78f16c76990c5bcf9d7d0e65a02f2f75f4d82a67267fc21c382a4085714821
20261007235500_overhead_project_followups.sql e237c947ddfe09907c6284871f0f811bd0a4b1e38ea793065ec265be1eec62de
20261008001000_kept_out_review_followups.sql 6c5e5db49c72aa99f123f1ab16c1a9410153ce728d0c1e2a0aa4c944f74ee385
20261008003000_unpaid_invoices_cash.sql 55e4c82e2b4f1f437c1d1c14cb6d419930659387dab5b5ddeb2e14fda40bff91
20261008010000_mcp_bulk_setup.sql 0d4d0d75dec329b0acad4e8bf2f854dde2b64657b97214d309db35b9ed535ba2
20261008013000_company_name_rules.sql 032f91032f700c92fd8746462594d39f4c74e89029cfb6b0a14864eb6802f6cd
20261008020000_loan_project_followups.sql 383986bb5162f0733047bed3e2f20cf569ba6f0b3abe0fcc8dd1b1de567dbf6e
20261008033000_review_undo_followups.sql 5719fa259d55a37608a3a47d60dbefe65c72fece3e7de20f78e72faa95ef1fd3
20261008040000_flow_305_review_source.sql cb9ef840fc739367f43d7a950c49b26d3bfd264e23d1b6faafffd1ee78e40dbd
20261008043000_loan_attach_lock_retry.sql 4a0173bf1bb6080b40b675089a1fc0952b01c58f5d121a449ffc3a09c21aa0b2
20261008050000_mcp_lock_retry.sql 38d55b84f95a76c902e545a0f9c38003a080cf16302b719cd2d3f24dbde5facb
20261008060000_get_project_followups.sql 559c594c4d56f088327b8cf15ece58ddc1457dca6d7f3edd076b528672ec60b8
20261008070000_loan_balance_checks.sql 64e8bc14fcabbbbc112b3e4e9ac0c69a0cbbe8988d99d3f70df6a9540e7a5714
20261008080000_list_loans_flagged.sql dc523eea55dca0a067490bceb3aa2368e1fa32c8128b0a04b7edbec14ba23143
20261008090000_create_company_name_rule.sql a02ab62d45ebcce7c60f2cb83ffcd50c96bf9523f63efc0d4eafa159a7496962
20261008100000_line_split_followups.sql 0cb8636dae942220039d3758c9820f09127ca8f592ccc0fbd5993ba9211ef118
20261008110000_line_split_percent_rest.sql bf47617e62933443a50d1ddeb91bb56c9c1649b9a4033f15c5be9cdc84eb237e
20261008130000_jev_after_sync.sql 59cd183ea54c15281221ad9d708247b0088f44530aff71cfdee507cee94beaff
20261008140000_line_split_preview.sql 3e4c71f9b113158affba16a19ea3b3f0ff54aef1933813a6e093186008d66027
20261008150000_line_split_review.sql ad7f1c8ae1e0a047eba3cb09631873c5e91e846ecd2c7d7731414aae6ae45636
20261008160000_mcp_batch_split_line.sql 32c33b97647f4a362cce721ef0286dd5d1b8a1bca909be91a95ada3eae02e133
20261008170000_jev_outcomes.sql a8183388bba76e3e7f3cbc84dae04b2ca4ac394293fd8de785d9cce39b5b259d
20261008235000_loan_status.sql 0ac48ffedb9b1326bef9513813fddf422aeb08f6ff28ceb3af86469899f331c4
20261008235500_jev_supplier_history.sql 1c07f17b77641bc5fb725558944403143252e556e40456dc736c7d407dd66af2
20261009000000_loan_part_categories.sql 833045b61d7f751466cac28b992f0953d2cdcb06243bde762a183de81b358777
20261009010000_mcp_assign_expense_kept_out.sql 9bd34c2cd9f264a3d6aa4565f251188652f1e40f08515dbffb61292d79b65987
20261009120000_profit_by_month.sql 57a44ee0a4facf1d6ac2c2624552fb0e51cdabc625d065383472260d0b5d413a
20261009130000_batch_undo_write_id.sql b77a9eb615b2e98c86bc2dee292d9664750c8c7039fefd6fb49d6caf54733835
20261009200000_loan_fees_installments.sql 4088d189dfb2e3ef858d9add885c18c016834096ba3f97d260a462c38815d92a
20261009210000_mcp_sync_jobs_followups.sql 5dd82a012be58c9d78996bdb663c72d7c18b636d3ab71e1e21673b0636c9b256
20261009220000_review_queue_followups.sql 6fb60d30268c50f11f14824aa2f930550f2767f4aea1efe643af4d44fadeb707
20261009230000_jev_patterns.sql 2d344fda2a512581b5bfa71639ccd41cf57221091b54aa836b117f2842b3efa8
20261009233000_filed_today_owner_picks.sql 3f88d83c8a069dcc322afd4557aa139a60a96b503a2ff52a173460dd02df78b6
20261009234000_skipped_review_list.sql 7504d7bcef0f297fc879441192cfb6c50fe396164890a90817f9884a4cbbbca3
20261010090000_loan_kinds_rates.sql b6e20a26cd28ada4c6222a252a0db2f0ea0c7233bbf699bb61b17aea3827e62d
20261010100000_viewer_reads.sql 70d9dda2f6ed29994b20c2fc09e2507698160c5d51d06010f45e8b1b6343c17d
20261010110000_project_rows_kept_out.sql c2e8d4b70213d1a4d9731f367d01b7422b6cb170aacaafa2dc6dfeb610b8bf76
20261010120000_save_loan_split.sql c69360fba2a2e314aac0433bcdb022bb669c592ba8c274a2202268747ba5575f
20261010121500_invoice_paid_marks.sql e50f7cbf1bbdcc10e3f08fa84b6a36943245db34a6ad8017c9bdb93b5c113fe4
20261010130000_mcp_undo_followups.sql e7221ee802e3e29c1f64465408ed96c0cbd0581e46699cd282fe2cb819bffbe1
20261010140000_loan_followups.sql 1951bae6fb5b0d4f6401a236415259fbf0244a213e8afb0c5c49b66d4572efbd
20261010150000_jev_reasons.sql 23e93fadab36b3f37f84a4f89b22ee694f1b7c4e640c1a8f9c78cead0ec71854
20261010160000_name_rules.sql a23e16fbcd5998f6f773160e79627b103b651030dbae659da23225dd6dd5033c
20261010170000_line_state_in_lists.sql 2982e3c1f078c0e76eefaa9d8df3ad4288c9efee7ee8d31355f45d966644067d
20261010180000_project_category_currency.sql 0c986f94075eca7d71e30fc3eb93991d140ccac8b6414afa2738afd847f18fca
20261010190000_viewer_project_page.sql 6fb490829533ee4d95260800d8f882cc86a0c093d1d93af8e1be60e49be2247d
20261010210000_loan_unmatch.sql a283ffed355105a69a671eb831b7375a01dbed610315615764a508610b318449
20261010220000_line_split_followups.sql fb3500787e1f4d61939ebc541043f00d6aa97755f1c4171924d1afff9e3a360a
20261010230000_line_split_undo_check.sql 8d1add1e574871953998f3cfe5717954add0a255097925b91c549f22a0ac295f
20261011010000_search_filters.sql 8308f015068d1aeb9cdcc109114f157b76b755f21670e639f402cc7c237a3bfc
20261011020000_jev_corrections.sql f5de39d770dff61018de07c49da86c702fdd96cf0789ac32b9b83a1e38b5eb51
20261011030000_loan_delete_order.sql 0d56cbf89ba23349d822ec5da3b5c59c12ccd4596cc926aedac6bb36f5e19410
20261011050000_project_investment.sql e249f9c923c980636741020adcf3ea4eace2e1da4da58492fc4393c438d1df44
20261011060000_project_investment_currency.sql f47ab956e304055ca8d499087ec1e120b5dae91b0d68396b8835697da192f479
20261011070000_category_delete_move.sql c71abc3c356dbade0b0ac498e167c225b100aa73234f14555f0ef96202a3ed90
20261011110000_review_party_ids.sql e56e3ef384a5ce13204b6619573b275ca9dd2422a82e413545c91873ee60735b
20261011120000_company_base_currency.sql 42a6a2f993a4d16fcbdde751bafffa9e066c6ea78bfcf5a15577529a5ccffae1
20261011200000_jev_auto_mode.sql 7b07a37a1ce509b034b7bd00b3c397d4a7f100c69e3e2666a3136c165fd5b3c2
20261011210000_category_line_counts.sql 8fe5994b89ced590b1146dcd3979da4268ecc5d1542dc7bee50b41b1666d431a
20261011220000_category_rename.sql bf1db79c87afab2d1e81829efeb8285f745713a5e646faa3c9e9789496952a57
20261011230000_project_category_months.sql 9aa3937654909371959d3231ab66c196b76e9cfe2c7ce7685fc5f37fa9740200
20261012010000_health_check.sql df177bc13527131c3ec8101a7d70a7ae33697d2c4e84d3eb67f29d8e238e6b60
20261012020000_health_check_off.sql e952a16644f260036f34b573721e35e199e98ceba5f1069a69d17ab304911237
20261012030000_jev_auto_mode_switch.sql 0dfc1bd26465c5c090813a878d4dbec9d47dd75c41d199a7ae0e14fe0d2bbe67
20261012031000_mcp_set_jev_mode.sql 055d7b27f3255ae5d6bc0e161e4f7a27e0a9cba4401b70de72a9e7ac12f294c1
20261012040000_unpaid_document_url.sql 4959d764753e921ed77c571195053725c08f16518707853b5d5a44c0a8ad7a1a
20261012100000_review_speed_search_amount.sql c6f93da67b0e3634b3a1c694590bbf567abab401827b09274239582cefdda522
20261012110000_list_review_company_id.sql c76b27fdbfb9131622d3f67397a1c2b87deea2ff74f459ae7ff1007b972db374
20261012200000_loan_index_rates.sql cd16dbf27da336554749a977950fea5e32854d7da226f9e2ac85213e3c147d70
20261012210000_foreign_key_indexes.sql 7157c04e7cecb085babd2d82dd37826a50d971aa3f223a31e2db5f8f3f7f2d81
20261012220000_sumit_schema_drift.sql a9d9d4523baa8eac796c3aa867a9ff8e6f6b4919665bfae885dd424b624a21a2
20261013000000_loan_split_part_categories.sql 136964f1c6e518573b13d36c9f7e1cbfd4ec1a810598b2ecbcff28183958ff31
20261013010000_income_guess_missing_category.sql b31b09a74db27e20daa7a7fd87345053e819d2d5d932389d7349462f27d1825a
20261013020000_setup_states.sql 3aea526f652c809864af20d45b02fa13c2c92551399ddf3fbb33160eeaa767a4
20261013020100_sync_claim_window.sql bb013c1efea8b1d1e94b6ab37694c3458c36f6df1e286168bc9708d333db312f
20261013030000_review_reason_rehab_followups.sql a3f8c928cab7025aa6b54393a24ad7c5651c8c161617c1f8f40abddcdbcc36dc
20261013040000_project_waiting_currency.sql 489a57aea0cff47594c520a351dd99935c46d7117d9005a6940319a91f163931
20261013050000_mercury_sync_atomic.sql f3862473b0f424ea1e328bdbdcc4d8f44de3c6b646f2fef3036aef9b6fcd6aa7
20261013060000_jev_key_status.sql 4efc1fb868d2b4e5c1f6faacf5b722a6c598d960fdc26967f79bb24461377fba
20261013070000_import_range.sql 0e0dde64d86cc3140c6782f694bfc703d7c824b4c541d36a8817105e845995eb
20261013080000_push_notifications.sql 56a760f222250e683f7e0fe5811493f7e6fb413d23f4cf094ce9badedccf84c2
20261013090000_push_new_and_weekly.sql 60713899cf1791e6b5396bcdb9f8e80c329330dadbfefc3d3114cfe198bf41ff
20261013100000_sub_categories.sql 39d4994f54a180930f98660be89181627ed433451f7081ab0df8806369f73bbd
20261013130000_loan_interest_kept_out.sql 3fe83d0869014642cf7562604ade64e91aa131e4d1768e2426f52d8cd43230e1
20261013142138_review_receipt_pairing.sql 9f3dba8f8743147e67ff54af0c9e8a6af8e02fa55cca8ab215f5c590eaf3f128
20261013150512_split_exact_amounts.sql caaa3b8d80d3159d3d83b9eef2a021a0445a4cf34c43e68ebad1772970c04262
20261013162756_sub_category_rollups.sql 4ea1e5da932a8023e9ff4757354e392a74d43db4a0dbb0d47f485b04357fc620
20261013175142_team_members.sql 6ae716211123ed48c68b78f582bafafbdb929da5df4fcdb68c1167fd45e4df77
20261013184812_cash_flow_months.sql 0d7ae4a079f1a5a25ef6ffb2fdf0991c68b68440c102fc03d805dbe591fd7bce
20261013192455_project_groups.sql 2fe7df29733eb1004152f5d67649738f53e1bc41a0bb8c88efa1ae7339a2ed6f
20261013194705_cash_flow_mcp.sql 5757b0c9e88b7fff152094dc68082b64ec7507fa56a261d665341767046a16fb
20261013202357_default_income_category_name.sql f864774ea58265a3fb415a7eaa70f6657eff70203034116b5a010fe9a5186b41
20261013210638_loan_money_category_dedupe.sql 04a2ea0a3c7a4beacab4bf47ed77a63b275ffdfb3af7b0403b44554312d6b240
20261013212342_starter_categories.sql 98cf50dff1411fdf23709dd7327e95bf93c09f142f10c60584faca669c81eb0f
20261013215602_match_lines.sql 96cb0c40d7bafcc4dcafc744b5dc201fb76a8103c95184e275206c0dfbff950d
20261013233845_project_page_speed.sql c7526c48cc37e1744a6a5b7689320af0480ec61dd8f0bb6573e9ee19bd6eb61f
20261013235425_project_page_speed_stats.sql 2aeefac3ffdd4c4371a31e81763271f3d5bc6efd3999557ef8725f5e9ab81b54
20261014003153_company_check_plans.sql 6d75b5c59915779ce85b016b4b140614a4104de500482a54c5942d02e838cf69
20261014013227_get_project_generic_plan.sql 8b1f4c66f37fee4cf69c372e864f6dc842e9896df26c83f4ba0cd5fbfc660195
20261014064928_pnl_follows_company_basis.sql bef0bc7ccf91d15912c7ed557041dba8ffaeca65d8acee56921cb44ae93baab0
20261014082848_push_new_on_by_default.sql 1d421dce24070f3716ce3570f85778b0503c59a9941d7c8ea04bbcded62cdd2a
20261014084825_loan_money_in_cash.sql 007a4766e0b06a34bc5bdb3e893d512d90b57fa741a930bb175a97a8b05305d1
20261014090534_recurring_charges.sql ff66c643b5594603772f1ab9901726bf4acd073562cb2e700bc26133ba1c176c
20261014091554_recurring_pace.sql 3173d650e06d7152745999c4f1df9516fa54814401ca8f3a450d89bf80181825
20261014093004_project_reads_once.sql a72f2d7cbbad3693ad22d3ef9deb81d49054e348ec24cea436befb13d6dc2753
20261014094704_cash_not_in_profit.sql 523283c5678f7508108f2a85c4a412c06dfbb39fdea5f83ce9d365af47e6a66f
20261014100033_cash_history.sql 2e803679f884058abc77be32ac02d43a65a0c0565b34153ac28ee00d458690fa
20261014102435_project_cash.sql e7054f9a18ccc0c83530aae573ebc77bdc41b7f522eae4287aba381d5a9b819c
20261014133034_project_cash_history.sql 098d6ab9af87bb341f3747cbe353869f33c89ed30ccf3614e22c015b15894b62
20261014140812_party_charges.sql 410e9760aa3a4093efcf329e497c315d443e5a6f53fc9337a7d0aa3b5ca6802b
20261014141306_card_names.sql c716a00b44cb1d321c35a5f340a2c3a9ad7959d7f863ad212f5832722ab4e1fd
20261014143442_search_month_totals.sql 27bd3dd11d2dfd58d1ba5c4ba323807fac056d887761895a467e7af9122652d1
20261014144525_cash_line_parts.sql ac3df8c0cd5b2e91846fc3ff97e9410984a6f39783a5c004d0aceab19198c92f
