20260928080538_schema_v1.sql
20260928140000_phase1_slice.sql
20260928180000_reopen_review.sql
20260928190000_review_card.sql
20260928210000_owner_ledger.sql
20260928220000_allocation_share_lock.sql
20260928230000_review_round4.sql
20260929010000_review_round5.sql
20260929120000_review_round7.sql
20260929130000_review_round8.sql
20260929140000_sumit_status_next_attempt_grant.sql
20260929150000_review_0068.sql
20260929160000_review_0068_addendum.sql
20260929170000_review_0068_column.sql
20260929180000_reassign_undo_rls.sql
20260929190000_review_0069.sql
20260929200000_filed_today.sql
20260929210000_revoke_undo_select.sql
20260929220000_project_categories_confirmed.sql
20260929230000_project_pending_approval.sql
20260929240000_restore_suggested_category.sql
20260929250000_category_drilldown.sql
20260929260000_rule_not_a_guess.sql
20260929270000_shared_share_flag.sql
20260929280000_collapse_split.sql
20260929290000_review_split.sql
20260930010000_review_category_suggested.sql
20260930020000_approve_split_review.sql
20260930030000_review_project_suggested.sql
