{
  "version": "5",
  "specifiers": {
    "jsr:@deno/installer-shell-setup@*": "0.3.4"
  },
  "jsr": {
    "@deno/installer-shell-setup@0.3.4": {
      "integrity": "48665d1a737d487cce6874bc97bba70a5aeffa7053aca3f60df93c6fab8963b4"
    }
  },
  "workspace": {
    "packageJson": {
      "dependencies": [
        "npm:@eslint/js@^9.35.0",
        "npm:@supabase/supabase-js@^2.57.4",
        "npm:@types/node@^22.18.6",
        "npm:eslint-plugin-react-hooks@^7.1.1",
        "npm:eslint@^9.35.0",
        "npm:openapi-typescript@7.13.0",
        "npm:tsx@^4.20.5",
        "npm:typescript-eslint@^8.44.0",
        "npm:typescript@^5.9.2",
        "npm:wrangler@4.144.0"
      ]
    }
  }
}
