{
  "version": "5",
  "specifiers": {
    "jsr:@std/assert@1": "1.0.19",
    "jsr:@std/internal@^1.0.12": "1.0.14"
  },
  "jsr": {
    "@std/assert@1.0.19": {
      "integrity": "eaada96ee120cb980bc47e040f82814d786fe8162ecc53c91d8df60b8755991e",
      "dependencies": [
        "jsr:@std/internal"
      ]
    },
    "@std/internal@1.0.14": {
      "integrity": "291516b3d4c35024d6ffbc0a9df5bf4c64116e05b50012cf846710152d2ffdf7"
    }
  },
  "workspace": {
    "packageJson": {
      "dependencies": [
        "npm:@eslint/js@^9.35.0",
        "npm:@supabase/supabase-js@^2.57.4",
        "npm:@types/node@^22.18.6",
        "npm:eslint-plugin-react-hooks@^7.1.1",
        "npm:eslint@^9.35.0",
        "npm:openapi-typescript@7.13.0",
        "npm:tsx@^4.20.5",
        "npm:typescript-eslint@^8.44.0",
        "npm:typescript@^5.9.2",
        "npm:wrangler@4.144.0"
      ]
    }
  }
}
